// !$*UTF8*$!
{
	archiveVersion = 1;
	classes = {
	};
	objectVersion = 50;
	objects = {

/* Begin PBXBuildFile section */
		785661E523F929B8005403B3 /* ProgressController.swift in Sources */ = {isa = PBXBuildFile; fileRef = 785661E323F929B8005403B3 /* ProgressController.swift */; };
		785661E623F929B8005403B3 /* ProgressController.xib in Resources */ = {isa = PBXBuildFile; fileRef = 785661E423F929B8005403B3 /* ProgressController.xib */; };
		7856620823F93FF3005403B3 /* Constants.swift in Sources */ = {isa = PBXBuildFile; fileRef = 7856620723F93FF3005403B3 /* Constants.swift */; };
		7856621C23F94289005403B3 /* ContactService.swift in Sources */ = {isa = PBXBuildFile; fileRef = 7856620B23F94289005403B3 /* ContactService.swift */; };
		7856621D23F94289005403B3 /* NetworkConstants.swift in Sources */ = {isa = PBXBuildFile; fileRef = 7856620D23F94289005403B3 /* NetworkConstants.swift */; };
		7856621E23F94289005403B3 /* URLResponseExtension.swift in Sources */ = {isa = PBXBuildFile; fileRef = 7856620F23F94289005403B3 /* URLResponseExtension.swift */; };
		7856621F23F94289005403B3 /* URLSessionDataTaskExtension.swift in Sources */ = {isa = PBXBuildFile; fileRef = 7856621023F94289005403B3 /* URLSessionDataTaskExtension.swift */; };
		7856622023F94289005403B3 /* URLSessionExtension.swift in Sources */ = {isa = PBXBuildFile; fileRef = 7856621123F94289005403B3 /* URLSessionExtension.swift */; };
		7856622123F94289005403B3 /* HttpClient.swift in Sources */ = {isa = PBXBuildFile; fileRef = 7856621323F94289005403B3 /* HttpClient.swift */; };
		7856622223F94289005403B3 /* HttpMethod.swift in Sources */ = {isa = PBXBuildFile; fileRef = 7856621423F94289005403B3 /* HttpMethod.swift */; };
		7856622423F94289005403B3 /* NTError.swift in Sources */ = {isa = PBXBuildFile; fileRef = 7856621623F94289005403B3 /* NTError.swift */; };
		7856622523F94289005403B3 /* ServerError.swift in Sources */ = {isa = PBXBuildFile; fileRef = 7856621723F94289005403B3 /* ServerError.swift */; };
		7856622623F94289005403B3 /* RequestProtocol.swift in Sources */ = {isa = PBXBuildFile; fileRef = 7856621923F94289005403B3 /* RequestProtocol.swift */; };
		7856622723F94289005403B3 /* URLSessionDataTaskProtocol.swift in Sources */ = {isa = PBXBuildFile; fileRef = 7856621A23F94289005403B3 /* URLSessionDataTaskProtocol.swift */; };
		7856622823F94289005403B3 /* URLSessionProtocol.swift in Sources */ = {isa = PBXBuildFile; fileRef = 7856621B23F94289005403B3 /* URLSessionProtocol.swift */; };
		7856622D23F94672005403B3 /* TechInofoDetails.swift in Sources */ = {isa = PBXBuildFile; fileRef = 7856622C23F94672005403B3 /* TechInofoDetails.swift */; };
		7861B2A123F8D4C4006D1134 /* AppDelegate.swift in Sources */ = {isa = PBXBuildFile; fileRef = 7861B2A023F8D4C4006D1134 /* AppDelegate.swift */; };
		7861B2A323F8D4C4006D1134 /* SceneDelegate.swift in Sources */ = {isa = PBXBuildFile; fileRef = 7861B2A223F8D4C4006D1134 /* SceneDelegate.swift */; };
		7861B2AA23F8D4E4006D1134 /* Assets.xcassets in Resources */ = {isa = PBXBuildFile; fileRef = 7861B2A923F8D4E4006D1134 /* Assets.xcassets */; };
		7861B2AD23F8D4E4006D1134 /* LaunchScreen.storyboard in Resources */ = {isa = PBXBuildFile; fileRef = 7861B2AB23F8D4E4006D1134 /* LaunchScreen.storyboard */; };
		7861B2C723F8D97F006D1134 /* ViewControllerRoot.swift in Sources */ = {isa = PBXBuildFile; fileRef = 7861B2C523F8D97F006D1134 /* ViewControllerRoot.swift */; };
		7861B2C823F8D97F006D1134 /* ViewControllerRoot.xib in Resources */ = {isa = PBXBuildFile; fileRef = 7861B2C623F8D97F006D1134 /* ViewControllerRoot.xib */; };
		7861B2D423F90577006D1134 /* person.png in Resources */ = {isa = PBXBuildFile; fileRef = 7861B2D123F90576006D1134 /* person.png */; };
		7861B2D523F90577006D1134 /* phone.png in Resources */ = {isa = PBXBuildFile; fileRef = 7861B2D223F90576006D1134 /* phone.png */; };
		7861B2D623F90577006D1134 /* placemarker.png in Resources */ = {isa = PBXBuildFile; fileRef = 7861B2D323F90576006D1134 /* placemarker.png */; };
		7861B2D823F90E95006D1134 /* ColorUtility.swift in Sources */ = {isa = PBXBuildFile; fileRef = 7861B2D723F90E95006D1134 /* ColorUtility.swift */; };
		7861B2DA23F90EE4006D1134 /* ButtonUtility.swift in Sources */ = {isa = PBXBuildFile; fileRef = 7861B2D923F90EE4006D1134 /* ButtonUtility.swift */; };
/* End PBXBuildFile section */

/* Begin PBXFileReference section */
		785661E323F929B8005403B3 /* ProgressController.swift */ = {isa = PBXFileReference; lastKnownFileType = sourcecode.swift; path = ProgressController.swift; sourceTree = "<group>"; };
		785661E423F929B8005403B3 /* ProgressController.xib */ = {isa = PBXFileReference; lastKnownFileType = file.xib; path = ProgressController.xib; sourceTree = "<group>"; };
		7856620723F93FF3005403B3 /* Constants.swift */ = {isa = PBXFileReference; lastKnownFileType = sourcecode.swift; path = Constants.swift; sourceTree = "<group>"; };
		7856620B23F94289005403B3 /* ContactService.swift */ = {isa = PBXFileReference; fileEncoding = 4; lastKnownFileType = sourcecode.swift; path = ContactService.swift; sourceTree = "<group>"; };
		7856620D23F94289005403B3 /* NetworkConstants.swift */ = {isa = PBXFileReference; fileEncoding = 4; lastKnownFileType = sourcecode.swift; path = NetworkConstants.swift; sourceTree = "<group>"; };
		7856620F23F94289005403B3 /* URLResponseExtension.swift */ = {isa = PBXFileReference; fileEncoding = 4; lastKnownFileType = sourcecode.swift; path = URLResponseExtension.swift; sourceTree = "<group>"; };
		7856621023F94289005403B3 /* URLSessionDataTaskExtension.swift */ = {isa = PBXFileReference; fileEncoding = 4; lastKnownFileType = sourcecode.swift; path = URLSessionDataTaskExtension.swift; sourceTree = "<group>"; };
		7856621123F94289005403B3 /* URLSessionExtension.swift */ = {isa = PBXFileReference; fileEncoding = 4; lastKnownFileType = sourcecode.swift; path = URLSessionExtension.swift; sourceTree = "<group>"; };
		7856621323F94289005403B3 /* HttpClient.swift */ = {isa = PBXFileReference; fileEncoding = 4; lastKnownFileType = sourcecode.swift; path = HttpClient.swift; sourceTree = "<group>"; };
		7856621423F94289005403B3 /* HttpMethod.swift */ = {isa = PBXFileReference; fileEncoding = 4; lastKnownFileType = sourcecode.swift; path = HttpMethod.swift; sourceTree = "<group>"; };
		7856621623F94289005403B3 /* NTError.swift */ = {isa = PBXFileReference; fileEncoding = 4; lastKnownFileType = sourcecode.swift; path = NTError.swift; sourceTree = "<group>"; };
		7856621723F94289005403B3 /* ServerError.swift */ = {isa = PBXFileReference; fileEncoding = 4; lastKnownFileType = sourcecode.swift; path = ServerError.swift; sourceTree = "<group>"; };
		7856621923F94289005403B3 /* RequestProtocol.swift */ = {isa = PBXFileReference; fileEncoding = 4; lastKnownFileType = sourcecode.swift; path = RequestProtocol.swift; sourceTree = "<group>"; };
		7856621A23F94289005403B3 /* URLSessionDataTaskProtocol.swift */ = {isa = PBXFileReference; fileEncoding = 4; lastKnownFileType = sourcecode.swift; path = URLSessionDataTaskProtocol.swift; sourceTree = "<group>"; };
		7856621B23F94289005403B3 /* URLSessionProtocol.swift */ = {isa = PBXFileReference; fileEncoding = 4; lastKnownFileType = sourcecode.swift; path = URLSessionProtocol.swift; sourceTree = "<group>"; };
		7856622C23F94672005403B3 /* TechInofoDetails.swift */ = {isa = PBXFileReference; lastKnownFileType = sourcecode.swift; path = TechInofoDetails.swift; sourceTree = "<group>"; };
		7861B29D23F8D4C4006D1134 /* workmateTask.app */ = {isa = PBXFileReference; explicitFileType = wrapper.application; includeInIndex = 0; path = workmateTask.app; sourceTree = BUILT_PRODUCTS_DIR; };
		7861B2A023F8D4C4006D1134 /* AppDelegate.swift */ = {isa = PBXFileReference; lastKnownFileType = sourcecode.swift; path = AppDelegate.swift; sourceTree = "<group>"; };
		7861B2A223F8D4C4006D1134 /* SceneDelegate.swift */ = {isa = PBXFileReference; lastKnownFileType = sourcecode.swift; path = SceneDelegate.swift; sourceTree = "<group>"; };
		7861B2A923F8D4E4006D1134 /* Assets.xcassets */ = {isa = PBXFileReference; lastKnownFileType = folder.assetcatalog; path = Assets.xcassets; sourceTree = "<group>"; };
		7861B2AC23F8D4E4006D1134 /* Base */ = {isa = PBXFileReference; lastKnownFileType = file.storyboard; name = Base; path = Base.lproj/LaunchScreen.storyboard; sourceTree = "<group>"; };
		7861B2AE23F8D4E4006D1134 /* Info.plist */ = {isa = PBXFileReference; lastKnownFileType = text.plist.xml; path = Info.plist; sourceTree = "<group>"; };
		7861B2C523F8D97F006D1134 /* ViewControllerRoot.swift */ = {isa = PBXFileReference; lastKnownFileType = sourcecode.swift; path = ViewControllerRoot.swift; sourceTree = "<group>"; };
		7861B2C623F8D97F006D1134 /* ViewControllerRoot.xib */ = {isa = PBXFileReference; lastKnownFileType = file.xib; path = ViewControllerRoot.xib; sourceTree = "<group>"; };
		7861B2D123F90576006D1134 /* person.png */ = {isa = PBXFileReference; lastKnownFileType = image.png; path = person.png; sourceTree = "<group>"; };
		7861B2D223F90576006D1134 /* phone.png */ = {isa = PBXFileReference; lastKnownFileType = image.png; path = phone.png; sourceTree = "<group>"; };
		7861B2D323F90576006D1134 /* placemarker.png */ = {isa = PBXFileReference; lastKnownFileType = image.png; path = placemarker.png; sourceTree = "<group>"; };
		7861B2D723F90E95006D1134 /* ColorUtility.swift */ = {isa = PBXFileReference; lastKnownFileType = sourcecode.swift; path = ColorUtility.swift; sourceTree = "<group>"; };
		7861B2D923F90EE4006D1134 /* ButtonUtility.swift */ = {isa = PBXFileReference; lastKnownFileType = sourcecode.swift; path = ButtonUtility.swift; sourceTree = "<group>"; };
/* End PBXFileReference section */

/* Begin PBXFrameworksBuildPhase section */
		7861B29A23F8D4C4006D1134 /* Frameworks */ = {
			isa = PBXFrameworksBuildPhase;
			buildActionMask = 2147483647;
			files = (
			);
			runOnlyForDeploymentPostprocessing = 0;
		};
/* End PBXFrameworksBuildPhase section */

/* Begin PBXGroup section */
		7856620923F94289005403B3 /* NetworkLayer */ = {
			isa = PBXGroup;
			children = (
				7856620A23F94289005403B3 /* AppService */,
				7856620C23F94289005403B3 /* Constant */,
				7856620E23F94289005403B3 /* Extension */,
				7856621223F94289005403B3 /* HTTPClient */,
				7856621823F94289005403B3 /* protocols */,
			);
			path = NetworkLayer;
			sourceTree = "<group>";
		};
		7856620A23F94289005403B3 /* AppService */ = {
			isa = PBXGroup;
			children = (
				7856620B23F94289005403B3 /* ContactService.swift */,
			);
			path = AppService;
			sourceTree = "<group>";
		};
		7856620C23F94289005403B3 /* Constant */ = {
			isa = PBXGroup;
			children = (
				7856620D23F94289005403B3 /* NetworkConstants.swift */,
			);
			path = Constant;
			sourceTree = "<group>";
		};
		7856620E23F94289005403B3 /* Extension */ = {
			isa = PBXGroup;
			children = (
				7856620F23F94289005403B3 /* URLResponseExtension.swift */,
				7856621023F94289005403B3 /* URLSessionDataTaskExtension.swift */,
				7856621123F94289005403B3 /* URLSessionExtension.swift */,
			);
			path = Extension;
			sourceTree = "<group>";
		};
		7856621223F94289005403B3 /* HTTPClient */ = {
			isa = PBXGroup;
			children = (
				7856621323F94289005403B3 /* HttpClient.swift */,
				7856621423F94289005403B3 /* HttpMethod.swift */,
				7856621623F94289005403B3 /* NTError.swift */,
				7856621723F94289005403B3 /* ServerError.swift */,
			);
			path = HTTPClient;
			sourceTree = "<group>";
		};
		7856621823F94289005403B3 /* protocols */ = {
			isa = PBXGroup;
			children = (
				7856621923F94289005403B3 /* RequestProtocol.swift */,
				7856621A23F94289005403B3 /* URLSessionDataTaskProtocol.swift */,
				7856621B23F94289005403B3 /* URLSessionProtocol.swift */,
			);
			path = protocols;
			sourceTree = "<group>";
		};
		7856622923F944DC005403B3 /* ViewModel */ = {
			isa = PBXGroup;
			children = (
			);
			path = ViewModel;
			sourceTree = "<group>";
		};
		7856622A23F9461B005403B3 /* ModelDatasApi */ = {
			isa = PBXGroup;
			children = (
				7856622B23F94638005403B3 /* ViewControllerApiModel */,
			);
			path = ModelDatasApi;
			sourceTree = "<group>";
		};
		7856622B23F94638005403B3 /* ViewControllerApiModel */ = {
			isa = PBXGroup;
			children = (
				7856622C23F94672005403B3 /* TechInofoDetails.swift */,
			);
			path = ViewControllerApiModel;
			sourceTree = "<group>";
		};
		7861B29423F8D4C4006D1134 = {
			isa = PBXGroup;
			children = (
				7861B29F23F8D4C4006D1134 /* workmateTask */,
				7861B29E23F8D4C4006D1134 /* Products */,
			);
			sourceTree = "<group>";
		};
		7861B29E23F8D4C4006D1134 /* Products */ = {
			isa = PBXGroup;
			children = (
				7861B29D23F8D4C4006D1134 /* workmateTask.app */,
			);
			name = Products;
			sourceTree = "<group>";
		};
		7861B29F23F8D4C4006D1134 /* workmateTask */ = {
			isa = PBXGroup;
			children = (
				7856622A23F9461B005403B3 /* ModelDatasApi */,
				7856620923F94289005403B3 /* NetworkLayer */,
				7861B2D023F90576006D1134 /* images */,
				7861B2B623F8D57E006D1134 /* MainDelegates */,
				7861B2B523F8D56E006D1134 /* UtilityGroup */,
				7861B2A923F8D4E4006D1134 /* Assets.xcassets */,
				7861B2C023F8D6F9006D1134 /* Controller */,
				7856622923F944DC005403B3 /* ViewModel */,
				7861B2AB23F8D4E4006D1134 /* LaunchScreen.storyboard */,
				7861B2AE23F8D4E4006D1134 /* Info.plist */,
			);
			path = workmateTask;
			sourceTree = "<group>";
		};
		7861B2B523F8D56E006D1134 /* UtilityGroup */ = {
			isa = PBXGroup;
			children = (
				7861B2D723F90E95006D1134 /* ColorUtility.swift */,
				7861B2D923F90EE4006D1134 /* ButtonUtility.swift */,
				7856620723F93FF3005403B3 /* Constants.swift */,
			);
			path = UtilityGroup;
			sourceTree = "<group>";
		};
		7861B2B623F8D57E006D1134 /* MainDelegates */ = {
			isa = PBXGroup;
			children = (
				7861B2A023F8D4C4006D1134 /* AppDelegate.swift */,
				7861B2A223F8D4C4006D1134 /* SceneDelegate.swift */,
			);
			path = MainDelegates;
			sourceTree = "<group>";
		};
		7861B2C023F8D6F9006D1134 /* Controller */ = {
			isa = PBXGroup;
			children = (
				7861B2C523F8D97F006D1134 /* ViewControllerRoot.swift */,
				7861B2C623F8D97F006D1134 /* ViewControllerRoot.xib */,
				785661E323F929B8005403B3 /* ProgressController.swift */,
				785661E423F929B8005403B3 /* ProgressController.xib */,
			);
			path = Controller;
			sourceTree = "<group>";
		};
		7861B2D023F90576006D1134 /* images */ = {
			isa = PBXGroup;
			children = (
				7861B2D123F90576006D1134 /* person.png */,
				7861B2D223F90576006D1134 /* phone.png */,
				7861B2D323F90576006D1134 /* placemarker.png */,
			);
			path = images;
			sourceTree = "<group>";
		};
/* End PBXGroup section */

/* Begin PBXNativeTarget section */
		7861B29C23F8D4C4006D1134 /* workmateTask */ = {
			isa = PBXNativeTarget;
			buildConfigurationList = 7861B2B123F8D4E4006D1134 /* Build configuration list for PBXNativeTarget "workmateTask" */;
			buildPhases = (
				7861B29923F8D4C4006D1134 /* Sources */,
				7861B29A23F8D4C4006D1134 /* Frameworks */,
				7861B29B23F8D4C4006D1134 /* Resources */,
			);
			buildRules = (
			);
			dependencies = (
			);
			name = workmateTask;
			productName = workmateTask;
			productReference = 7861B29D23F8D4C4006D1134 /* workmateTask.app */;
			productType = "com.apple.product-type.application";
		};
/* End PBXNativeTarget section */

/* Begin PBXProject section */
		7861B29523F8D4C4006D1134 /* Project object */ = {
			isa = PBXProject;
			attributes = {
				LastSwiftUpdateCheck = 1130;
				LastUpgradeCheck = 1130;
				ORGANIZATIONNAME = Ducont;
				TargetAttributes = {
					7861B29C23F8D4C4006D1134 = {
						CreatedOnToolsVersion = 11.3;
					};
				};
			};
			buildConfigurationList = 7861B29823F8D4C4006D1134 /* Build configuration list for PBXProject "workmateTask" */;
			compatibilityVersion = "Xcode 9.3";
			developmentRegion = en;
			hasScannedForEncodings = 0;
			knownRegions = (
				en,
				Base,
			);
			mainGroup = 7861B29423F8D4C4006D1134;
			productRefGroup = 7861B29E23F8D4C4006D1134 /* Products */;
			projectDirPath = "";
			projectRoot = "";
			targets = (
				7861B29C23F8D4C4006D1134 /* workmateTask */,
			);
		};
/* End PBXProject section */

/* Begin PBXResourcesBuildPhase section */
		7861B29B23F8D4C4006D1134 /* Resources */ = {
			isa = PBXResourcesBuildPhase;
			buildActionMask = 2147483647;
			files = (
				785661E623F929B8005403B3 /* ProgressController.xib in Resources */,
				7861B2D423F90577006D1134 /* person.png in Resources */,
				7861B2D623F90577006D1134 /* placemarker.png in Resources */,
				7861B2AD23F8D4E4006D1134 /* LaunchScreen.storyboard in Resources */,
				7861B2D523F90577006D1134 /* phone.png in Resources */,
				7861B2C823F8D97F006D1134 /* ViewControllerRoot.xib in Resources */,
				7861B2AA23F8D4E4006D1134 /* Assets.xcassets in Resources */,
			);
			runOnlyForDeploymentPostprocessing = 0;
		};
/* End PBXResourcesBuildPhase section */

/* Begin PBXSourcesBuildPhase section */
		7861B29923F8D4C4006D1134 /* Sources */ = {
			isa = PBXSourcesBuildPhase;
			buildActionMask = 2147483647;
			files = (
				7856622823F94289005403B3 /* URLSessionProtocol.swift in Sources */,
				7856621D23F94289005403B3 /* NetworkConstants.swift in Sources */,
				7861B2DA23F90EE4006D1134 /* ButtonUtility.swift in Sources */,
				7856622723F94289005403B3 /* URLSessionDataTaskProtocol.swift in Sources */,
				7861B2D823F90E95006D1134 /* ColorUtility.swift in Sources */,
				785661E523F929B8005403B3 /* ProgressController.swift in Sources */,
				7856622D23F94672005403B3 /* TechInofoDetails.swift in Sources */,
				7856622423F94289005403B3 /* NTError.swift in Sources */,
				7856621F23F94289005403B3 /* URLSessionDataTaskExtension.swift in Sources */,
				7861B2C723F8D97F006D1134 /* ViewControllerRoot.swift in Sources */,
				7856621C23F94289005403B3 /* ContactService.swift in Sources */,
				7856622623F94289005403B3 /* RequestProtocol.swift in Sources */,
				7856622523F94289005403B3 /* ServerError.swift in Sources */,
				7856622123F94289005403B3 /* HttpClient.swift in Sources */,
				7861B2A123F8D4C4006D1134 /* AppDelegate.swift in Sources */,
				7856622023F94289005403B3 /* URLSessionExtension.swift in Sources */,
				7856622223F94289005403B3 /* HttpMethod.swift in Sources */,
				7861B2A323F8D4C4006D1134 /* SceneDelegate.swift in Sources */,
				7856621E23F94289005403B3 /* URLResponseExtension.swift in Sources */,
				7856620823F93FF3005403B3 /* Constants.swift in Sources */,
			);
			runOnlyForDeploymentPostprocessing = 0;
		};
/* End PBXSourcesBuildPhase section */

/* Begin PBXVariantGroup section */
		7861B2AB23F8D4E4006D1134 /* LaunchScreen.storyboard */ = {
			isa = PBXVariantGroup;
			children = (
				7861B2AC23F8D4E4006D1134 /* Base */,
			);
			name = LaunchScreen.storyboard;
			sourceTree = "<group>";
		};
/* End PBXVariantGroup section */

/* Begin XCBuildConfiguration section */
		7861B2AF23F8D4E4006D1134 /* Debug */ = {
			isa = XCBuildConfiguration;
			buildSettings = {
				ALWAYS_SEARCH_USER_PATHS = NO;
				CLANG_ANALYZER_NONNULL = YES;
				CLANG_ANALYZER_NUMBER_OBJECT_CONVERSION = YES_AGGRESSIVE;
				CLANG_CXX_LANGUAGE_STANDARD = "gnu++14";
				CLANG_CXX_LIBRARY = "libc++";
				CLANG_ENABLE_MODULES = YES;
				CLANG_ENABLE_OBJC_ARC = YES;
				CLANG_ENABLE_OBJC_WEAK = YES;
				CLANG_WARN_BLOCK_CAPTURE_AUTORELEASING = YES;
				CLANG_WARN_BOOL_CONVERSION = YES;
				CLANG_WARN_COMMA = YES;
				CLANG_WARN_CONSTANT_CONVERSION = YES;
				CLANG_WARN_DEPRECATED_OBJC_IMPLEMENTATIONS = YES;
				CLANG_WARN_DIRECT_OBJC_ISA_USAGE = YES_ERROR;
				CLANG_WARN_DOCUMENTATION_COMMENTS = YES;
				CLANG_WARN_EMPTY_BODY = YES;
				CLANG_WARN_ENUM_CONVERSION = YES;
				CLANG_WARN_INFINITE_RECURSION = YES;
				CLANG_WARN_INT_CONVERSION = YES;
				CLANG_WARN_NON_LITERAL_NULL_CONVERSION = YES;
				CLANG_WARN_OBJC_IMPLICIT_RETAIN_SELF = YES;
				CLANG_WARN_OBJC_LITERAL_CONVERSION = YES;
				CLANG_WARN_OBJC_ROOT_CLASS = YES_ERROR;
				CLANG_WARN_RANGE_LOOP_ANALYSIS = YES;
				CLANG_WARN_STRICT_PROTOTYPES = YES;
				CLANG_WARN_SUSPICIOUS_MOVE = YES;
				CLANG_WARN_UNGUARDED_AVAILABILITY = YES_AGGRESSIVE;
				CLANG_WARN_UNREACHABLE_CODE = YES;
				CLANG_WARN__DUPLICATE_METHOD_MATCH = YES;
				COPY_PHASE_STRIP = NO;
				DEBUG_INFORMATION_FORMAT = dwarf;
				ENABLE_STRICT_OBJC_MSGSEND = YES;
				ENABLE_TESTABILITY = YES;
				GCC_C_LANGUAGE_STANDARD = gnu11;
				GCC_DYNAMIC_NO_PIC = NO;
				GCC_NO_COMMON_BLOCKS = YES;
				GCC_OPTIMIZATION_LEVEL = 0;
				GCC_PREPROCESSOR_DEFINITIONS = (
					"DEBUG=1",
					"$(inherited)",
				);
				GCC_WARN_64_TO_32_BIT_CONVERSION = YES;
				GCC_WARN_ABOUT_RETURN_TYPE = YES_ERROR;
				GCC_WARN_UNDECLARED_SELECTOR = YES;
				GCC_WARN_UNINITIALIZED_AUTOS = YES_AGGRESSIVE;
				GCC_WARN_UNUSED_FUNCTION = YES;
				GCC_WARN_UNUSED_VARIABLE = YES;
				IPHONEOS_DEPLOYMENT_TARGET = 13.2;
				MTL_ENABLE_DEBUG_INFO = INCLUDE_SOURCE;
				MTL_FAST_MATH = YES;
				ONLY_ACTIVE_ARCH = YES;
				SDKROOT = iphoneos;
				SWIFT_ACTIVE_COMPILATION_CONDITIONS = DEBUG;
				SWIFT_OPTIMIZATION_LEVEL = "-Onone";
			};
			name = Debug;
		};
		7861B2B023F8D4E4006D1134 /* Release */ = {
			isa = XCBuildConfiguration;
			buildSettings = {
				ALWAYS_SEARCH_USER_PATHS = NO;
				CLANG_ANALYZER_NONNULL = YES;
				CLANG_ANALYZER_NUMBER_OBJECT_CONVERSION = YES_AGGRESSIVE;
				CLANG_CXX_LANGUAGE_STANDARD = "gnu++14";
				CLANG_CXX_LIBRARY = "libc++";
				CLANG_ENABLE_MODULES = YES;
				CLANG_ENABLE_OBJC_ARC = YES;
				CLANG_ENABLE_OBJC_WEAK = YES;
				CLANG_WARN_BLOCK_CAPTURE_AUTORELEASING = YES;
				CLANG_WARN_BOOL_CONVERSION = YES;
				CLANG_WARN_COMMA = YES;
				CLANG_WARN_CONSTANT_CONVERSION = YES;
				CLANG_WARN_DEPRECATED_OBJC_IMPLEMENTATIONS = YES;
				CLANG_WARN_DIRECT_OBJC_ISA_USAGE = YES_ERROR;
				CLANG_WARN_DOCUMENTATION_COMMENTS = YES;
				CLANG_WARN_EMPTY_BODY = YES;
				CLANG_WARN_ENUM_CONVERSION = YES;
				CLANG_WARN_INFINITE_RECURSION = YES;
				CLANG_WARN_INT_CONVERSION = YES;
				CLANG_WARN_NON_LITERAL_NULL_CONVERSION = YES;
				CLANG_WARN_OBJC_IMPLICIT_RETAIN_SELF = YES;
				CLANG_WARN_OBJC_LITERAL_CONVERSION = YES;
				CLANG_WARN_OBJC_ROOT_CLASS = YES_ERROR;
				CLANG_WARN_RANGE_LOOP_ANALYSIS = YES;
				CLANG_WARN_STRICT_PROTOTYPES = YES;
				CLANG_WARN_SUSPICIOUS_MOVE = YES;
				CLANG_WARN_UNGUARDED_AVAILABILITY = YES_AGGRESSIVE;
				CLANG_WARN_UNREACHABLE_CODE = YES;
				CLANG_WARN__DUPLICATE_METHOD_MATCH = YES;
				COPY_PHASE_STRIP = NO;
				DEBUG_INFORMATION_FORMAT = "dwarf-with-dsym";
				ENABLE_NS_ASSERTIONS = NO;
				ENABLE_STRICT_OBJC_MSGSEND = YES;
				GCC_C_LANGUAGE_STANDARD = gnu11;
				GCC_NO_COMMON_BLOCKS = YES;
				GCC_WARN_64_TO_32_BIT_CONVERSION = YES;
				GCC_WARN_ABOUT_RETURN_TYPE = YES_ERROR;
				GCC_WARN_UNDECLARED_SELECTOR = YES;
				GCC_WARN_UNINITIALIZED_AUTOS = YES_AGGRESSIVE;
				GCC_WARN_UNUSED_FUNCTION = YES;
				GCC_WARN_UNUSED_VARIABLE = YES;
				IPHONEOS_DEPLOYMENT_TARGET = 13.2;
				MTL_ENABLE_DEBUG_INFO = NO;
				MTL_FAST_MATH = YES;
				SDKROOT = iphoneos;
				SWIFT_COMPILATION_MODE = wholemodule;
				SWIFT_OPTIMIZATION_LEVEL = "-O";
				VALIDATE_PRODUCT = YES;
			};
			name = Release;
		};
		7861B2B223F8D4E4006D1134 /* Debug */ = {
			isa = XCBuildConfiguration;
			buildSettings = {
				ASSETCATALOG_COMPILER_APPICON_NAME = AppIcon;
				CODE_SIGN_STYLE = Automatic;
				DEVELOPMENT_TEAM = 2CCWRT2NR3;
				INFOPLIST_FILE = workmateTask/Info.plist;
				IPHONEOS_DEPLOYMENT_TARGET = 12.0;
				LD_RUNPATH_SEARCH_PATHS = (
					"$(inherited)",
					"@executable_path/Frameworks",
				);
				PRODUCT_BUNDLE_IDENTIFIER = ducont.health.workmateTask;
				PRODUCT_NAME = "$(TARGET_NAME)";
				SWIFT_VERSION = 5.0;
				TARGETED_DEVICE_FAMILY = "1,2";
			};
			name = Debug;
		};
		7861B2B323F8D4E4006D1134 /* Release */ = {
			isa = XCBuildConfiguration;
			buildSettings = {
				ASSETCATALOG_COMPILER_APPICON_NAME = AppIcon;
				CODE_SIGN_STYLE = Automatic;
				DEVELOPMENT_TEAM = 2CCWRT2NR3;
				INFOPLIST_FILE = workmateTask/Info.plist;
				IPHONEOS_DEPLOYMENT_TARGET = 12.0;
				LD_RUNPATH_SEARCH_PATHS = (
					"$(inherited)",
					"@executable_path/Frameworks",
				);
				PRODUCT_BUNDLE_IDENTIFIER = ducont.health.workmateTask;
				PRODUCT_NAME = "$(TARGET_NAME)";
				SWIFT_VERSION = 5.0;
				TARGETED_DEVICE_FAMILY = "1,2";
			};
			name = Release;
		};
/* End XCBuildConfiguration section */

/* Begin XCConfigurationList section */
		7861B29823F8D4C4006D1134 /* Build configuration list for PBXProject "workmateTask" */ = {
			isa = XCConfigurationList;
			buildConfigurations = (
				7861B2AF23F8D4E4006D1134 /* Debug */,
				7861B2B023F8D4E4006D1134 /* Release */,
			);
			defaultConfigurationIsVisible = 0;
			defaultConfigurationName = Release;
		};
		7861B2B123F8D4E4006D1134 /* Build configuration list for PBXNativeTarget "workmateTask" */ = {
			isa = XCConfigurationList;
			buildConfigurations = (
				7861B2B223F8D4E4006D1134 /* Debug */,
				7861B2B323F8D4E4006D1134 /* Release */,
			);
			defaultConfigurationIsVisible = 0;
			defaultConfigurationName = Release;
		};
/* End XCConfigurationList section */
	};
	rootObject = 7861B29523F8D4C4006D1134 /* Project object */;
}
